
Microsoft Visual Studio Solution File, Format Version 11.00
# Visual Studio 2010
Project("{FAE04EC0-301F-11D3-BF4B-00C04F79EFBC}") = "BlueCrystal", "BlueCrystal\BlueCrystal.csproj", "{680EEB28-0FEC-48E0-8E8A-D1A31A7665AB}"
EndProject
Project("{FAE04EC0-301F-11D3-BF4B-00C04F79EFBC}") = "AppSettings", "AppSettings\AppSettings.csproj", "{C44EE485-7AC7-4C36-92CE-4B509C3C61D4}"
EndProject
Project("{FAE04EC0-301F-11D3-BF4B-00C04F79EFBC}") = "NAudio", "NAudio\NAudio.csproj", "{DA4F02E3-0B5E-42CD-B8D9-5583FA51D66E}"
EndProject
Global
	GlobalSection(SubversionScc) = preSolution
		Svn-Managed = True
		Manager = AnkhSVN - Subversion Support for Visual Studio
	EndGlobalSection
	GlobalSection(SolutionConfigurationPlatforms) = preSolution
		Debug|Any CPU = Debug|Any CPU
		Release|Any CPU = Release|Any CPU
	EndGlobalSection
	GlobalSection(ProjectConfigurationPlatforms) = postSolution
		{680EEB28-0FEC-48E0-8E8A-D1A31A7665AB}.Debug|Any CPU.ActiveCfg = Debug|Any CPU
		{680EEB28-0FEC-48E0-8E8A-D1A31A7665AB}.Debug|Any CPU.Build.0 = Debug|Any CPU
		{680EEB28-0FEC-48E0-8E8A-D1A31A7665AB}.Release|Any CPU.ActiveCfg = Release|Any CPU
		{680EEB28-0FEC-48E0-8E8A-D1A31A7665AB}.Release|Any CPU.Build.0 = Release|Any CPU
		{C44EE485-7AC7-4C36-92CE-4B509C3C61D4}.Debug|Any CPU.ActiveCfg = Debug|Any CPU
		{C44EE485-7AC7-4C36-92CE-4B509C3C61D4}.Debug|Any CPU.Build.0 = Debug|Any CPU
		{C44EE485-7AC7-4C36-92CE-4B509C3C61D4}.Release|Any CPU.ActiveCfg = Release|Any CPU
		{C44EE485-7AC7-4C36-92CE-4B509C3C61D4}.Release|Any CPU.Build.0 = Release|Any CPU
		{DA4F02E3-0B5E-42CD-B8D9-5583FA51D66E}.Debug|Any CPU.ActiveCfg = Debug|Any CPU
		{DA4F02E3-0B5E-42CD-B8D9-5583FA51D66E}.Debug|Any CPU.Build.0 = Debug|Any CPU
		{DA4F02E3-0B5E-42CD-B8D9-5583FA51D66E}.Release|Any CPU.ActiveCfg = Release|Any CPU
		{DA4F02E3-0B5E-42CD-B8D9-5583FA51D66E}.Release|Any CPU.Build.0 = Release|Any CPU
	EndGlobalSection
	GlobalSection(SolutionProperties) = preSolution
		HideSolutionNode = FALSE
	EndGlobalSection
EndGlobal
